{
    "_readme": [
        "This file locks the dependencies of your project to a known state",
        "Read more about it at http://getcomposer.org/doc/01-basic-usage.md#composer-lock-the-lock-file",
        "This file is @generated automatically"
    ],
    "hash": "f71666ccb18aed3e69e694dca718345a",
    "packages": [
        {
            "name": "composer/composer",
            "version": "1.0.0-alpha9",
            "source": {
                "type": "git",
                "url": "https://github.com/composer/composer.git",
                "reference": "eb1ce550ca51134ee619ad3e37f5a0b7e980dd24"
            },
            "dist": {
                "type": "zip",
                "url": "https://api.github.com/repos/composer/composer/zipball/eb1ce550ca51134ee619ad3e37f5a0b7e980dd24",
                "reference": "eb1ce550ca51134ee619ad3e37f5a0b7e980dd24",
                "shasum": ""
            },
            "require": {
                "justinrainbow/json-schema": "~1.1",
                "php": ">=5.3.2",
                "seld/jsonlint": "~1.0",
                "symfony/console": "~2.3",
                "symfony/finder": "~2.2",
                "symfony/process": "~2.1"
            },
            "require-dev": {
                "phpunit/phpunit": "~4.0"
            },
            "suggest": {
                "ext-openssl": "Enabling the openssl extension allows you to access https URLs for repositories and packages",
                "ext-zip": "Enabling the zip extension allows you to unzip archives, and allows gzip compression of all internet traffic"
            },
            "bin": [
                "bin/composer"
            ],
            "type": "library",
            "extra": {
                "branch-alias": {
                    "dev-master": "1.0-dev"
                }
            },
            "autoload": {
                "psr-0": {
                    "Composer": "src/"
                }
            },
            "notification-url": "https://packagist.org/downloads/",
            "license": [
                "MIT"
            ],
            "authors": [
                {
                    "name": "Nils Adermann",
                    "email": "naderman@naderman.de",
                    "homepage": "http://www.naderman.de"
                },
                {
                    "name": "Jordi Boggiano",
                    "email": "j.boggiano@seld.be",
                    "homepage": "http://seld.be"
                }
            ],
            "description": "Composer helps you declare, manage and install dependencies of PHP projects, ensuring you have the right stack everywhere.",
            "homepage": "http://getcomposer.org/",
            "keywords": [
                "autoload",
                "dependency",
                "package"
            ],
            "time": "2014-12-07 17:15:20"
        },
        {
            "name": "composer/installers",
            "version": "v1.0.21",
            "source": {
                "type": "git",
                "url": "https://github.com/composer/installers.git",
                "reference": "d64e23fce42a4063d63262b19b8e7c0f3b5e4c45"
            },
            "dist": {
                "type": "zip",
                "url": "https://api.github.com/repos/composer/installers/zipball/d64e23fce42a4063d63262b19b8e7c0f3b5e4c45",
                "reference": "d64e23fce42a4063d63262b19b8e7c0f3b5e4c45",
                "shasum": ""
            },
            "replace": {
                "roundcube/plugin-installer": "*",
                "shama/baton": "*"
            },
            "require-dev": {
                "composer/composer": "1.0.*@dev",
                "phpunit/phpunit": "4.1.*"
            },
            "type": "composer-installer",
            "extra": {
                "class": "Composer\\Installers\\Installer",
                "branch-alias": {
                    "dev-master": "1.0-dev"
                }
            },
            "autoload": {
                "psr-0": {
                    "Composer\\Installers\\": "src/"
                }
            },
            "notification-url": "https://packagist.org/downloads/",
            "license": [
                "MIT"
            ],
            "authors": [
                {
                    "name": "Kyle Robinson Young",
                    "email": "kyle@dontkry.com",
                    "homepage": "https://github.com/shama"
                }
            ],
            "description": "A multi-framework Composer library installer",
            "homepage": "http://composer.github.com/installers/",
            "keywords": [
                "Craft",
                "Dolibarr",
                "Hurad",
                "MODX Evo",
                "OXID",
                "SMF",
                "Thelia",
                "WolfCMS",
                "agl",
                "aimeos",
                "annotatecms",
                "bitrix",
                "cakephp",
                "chef",
                "codeigniter",
                "concrete5",
                "croogo",
                "dokuwiki",
                "drupal",
                "elgg",
                "fuelphp",
                "grav",
                "installer",
                "joomla",
                "kohana",
                "laravel",
                "lithium",
                "magento",
                "mako",
                "mediawiki",
                "modulework",
                "moodle",
                "phpbb",
                "piwik",
                "ppi",
                "puppet",
                "roundcube",
                "shopware",
                "silverstripe",
                "symfony",
                "typo3",
                "wordpress",
                "zend",
                "zikula"
            ],
            "time": "2015-02-18 17:17:01"
        },
        {
            "name": "drupal/drupal",
            "version": "8.0.0",
            "source": {
                "type": "git",
                "url": "http://git.drupal.org/project/drupal",
                "reference": "079a52b45df32b8aa82d1eb0c57bd97d1e065f57"
            },
            "dist": {
                "type": "zip",
                "url": "http://ftp.drupal.org/files/projects/drupal-8.0.0-beta9.zip",
                "reference": null,
                "shasum": null
            },
            "replace": {
                "drupal/action": "self.version",
                "drupal/aggregator": "self.version",
                "drupal/ban": "self.version",
                "drupal/bartik": "self.version",
                "drupal/basic_auth": "self.version",
                "drupal/block": "self.version",
                "drupal/block_content": "self.version",
                "drupal/book": "self.version",
                "drupal/breakpoint": "self.version",
                "drupal/ckeditor": "self.version",
                "drupal/classy": "self.version",
                "drupal/color": "self.version",
                "drupal/comment": "self.version",
                "drupal/config": "self.version",
                "drupal/config_translation": "self.version",
                "drupal/contact": "self.version",
                "drupal/content_translation": "self.version",
                "drupal/contextual": "self.version",
                "drupal/datetime": "self.version",
                "drupal/dblog": "self.version",
                "drupal/editor": "self.version",
                "drupal/entity_reference": "self.version",
                "drupal/field": "self.version",
                "drupal/field_ui": "self.version",
                "drupal/file": "self.version",
                "drupal/filter": "self.version",
                "drupal/forum": "self.version",
                "drupal/hal": "self.version",
                "drupal/help": "self.version",
                "drupal/history": "self.version",
                "drupal/image": "self.version",
                "drupal/language": "self.version",
                "drupal/link": "self.version",
                "drupal/locale": "self.version",
                "drupal/menu_link_content": "self.version",
                "drupal/menu_ui": "self.version",
                "drupal/migrate": "self.version",
                "drupal/migrate_drupal": "self.version",
                "drupal/minimal": "self.version",
                "drupal/node": "self.version",
                "drupal/options": "self.version",
                "drupal/path": "self.version",
                "drupal/phptemplate": "self.version",
                "drupal/quickedit": "self.version",
                "drupal/rdf": "self.version",
                "drupal/responsive_image": "self.version",
                "drupal/rest": "self.version",
                "drupal/search": "self.version",
                "drupal/serialization": "self.version",
                "drupal/seven": "self.version",
                "drupal/shortcut": "self.version",
                "drupal/standard": "self.version",
                "drupal/stark": "self.version",
                "drupal/statistics": "self.version",
                "drupal/syslog": "self.version",
                "drupal/system": "self.version",
                "drupal/taxonomy": "self.version",
                "drupal/telephone": "self.version",
                "drupal/text": "self.version",
                "drupal/toolbar": "self.version",
                "drupal/tour": "self.version",
                "drupal/tracker": "self.version",
                "drupal/twig": "self.version",
                "drupal/update": "self.version",
                "drupal/user": "self.version",
                "drupal/views": "self.version",
                "drupal/views_ui": "self.version"
            },
            "suggest": {
                "drupal/block": "Required by drupal/block_content, drupal/minimal, drupal/standard",
                "drupal/block_content": "Required by drupal/standard",
                "drupal/breakpoint": "Required by drupal/responsive_image, drupal/toolbar, drupal/standard",
                "drupal/ckeditor": "Required by drupal/standard",
                "drupal/color": "Required by drupal/standard",
                "drupal/comment": "Required by drupal/forum, drupal/tracker, drupal/standard",
                "drupal/config": "Required by drupal/standard",
                "drupal/contact": "Required by drupal/standard",
                "drupal/contextual": "Required by drupal/quickedit, drupal/standard",
                "drupal/datetime": "Required by drupal/standard",
                "drupal/dblog": "Required by drupal/minimal, drupal/standard",
                "drupal/editor": "Required by drupal/ckeditor, drupal/standard",
                "drupal/entity_reference": "Required by drupal/aggregator, drupal/node, drupal/standard",
                "drupal/field": "Required by drupal/datetime, drupal/entity_reference, drupal/field_ui, drupal/file, drupal/link, drupal/options, drupal/quickedit, drupal/telephone, drupal/text",
                "drupal/field_ui": "Required by drupal/standard",
                "drupal/file": "Required by drupal/aggregator, drupal/editor, drupal/image, drupal/locale, drupal/update, drupal/standard",
                "drupal/filter": "Required by drupal/editor, drupal/quickedit, drupal/text, drupal/views",
                "drupal/help": "Required by drupal/standard",
                "drupal/history": "Required by drupal/forum, drupal/standard",
                "drupal/image": "Required by drupal/responsive_image, drupal/standard",
                "drupal/language": "Required by drupal/content_translation, drupal/locale",
                "drupal/link": "Required by drupal/menu_link_content, drupal/shortcut",
                "drupal/locale": "Required by drupal/config_translation",
                "drupal/menu_link_content": "Required by drupal/menu_ui, drupal/standard",
                "drupal/menu_ui": "Required by drupal/standard",
                "drupal/migrate": "Required by drupal/migrate_drupal",
                "drupal/node": "Required by drupal/book, drupal/forum, drupal/history, drupal/taxonomy, drupal/tracker, drupal/minimal, drupal/standard",
                "drupal/options": "Required by drupal/aggregator, drupal/forum, drupal/standard",
                "drupal/path": "Required by drupal/standard",
                "drupal/quickedit": "Required by drupal/standard",
                "drupal/rdf": "Required by drupal/standard",
                "drupal/rest": "Required by drupal/hal",
                "drupal/search": "Required by drupal/standard",
                "drupal/serialization": "Required by drupal/hal, drupal/rest",
                "drupal/shortcut": "Required by drupal/standard",
                "drupal/system": "Required by drupal/user",
                "drupal/taxonomy": "Required by drupal/forum, drupal/standard",
                "drupal/text": "Required by drupal/block_content, drupal/comment, drupal/node, drupal/options, drupal/taxonomy",
                "drupal/toolbar": "Required by drupal/standard",
                "drupal/tour": "Required by drupal/standard",
                "drupal/user": "Required by drupal/filter",
                "drupal/views": "Required by drupal/views_ui, drupal/standard",
                "drupal/views_ui": "Required by drupal/standard"
            },
            "type": "drupal-core",
            "extra": {
                "_readme": [
                    "By default Drupal loads the autoloader from ./core/vendor/autoload.php.",
                    "To change the autoloader you can edit ./autoload.php."
                ],
                "branch-alias": {
                    "dev-8.x-": "8.x-dev"
                }
            },
            "notification-url": "http://packagist.drupal-composer.org/downloads/",
            "license": [
                "GPL-2.0+"
            ],
            "description": "Handles general site configuration for administrators.",
            "time": "2015-03-25 16:13:13"
        },
        {
            "name": "justinrainbow/json-schema",
            "version": "1.4.1",
            "source": {
                "type": "git",
                "url": "https://github.com/justinrainbow/json-schema.git",
                "reference": "2465fe486c864e30badaa4d005ebdf89dbc503f3"
            },
            "dist": {
                "type": "zip",
                "url": "https://api.github.com/repos/justinrainbow/json-schema/zipball/2465fe486c864e30badaa4d005ebdf89dbc503f3",
                "reference": "2465fe486c864e30badaa4d005ebdf89dbc503f3",
                "shasum": ""
            },
            "require": {
                "php": ">=5.3.0"
            },
            "require-dev": {
                "json-schema/json-schema-test-suite": "1.1.0",
                "phpdocumentor/phpdocumentor": "~2",
                "phpunit/phpunit": "~3.7"
            },
            "bin": [
                "bin/validate-json"
            ],
            "type": "library",
            "extra": {
                "branch-alias": {
                    "dev-master": "1.4.x-dev"
                }
            },
            "autoload": {
                "psr-0": {
                    "JsonSchema": "src/"
                }
            },
            "notification-url": "https://packagist.org/downloads/",
            "license": [
                "BSD-3-Clause"
            ],
            "authors": [
                {
                    "name": "Bruno Prieto Reis",
                    "email": "bruno.p.reis@gmail.com"
                },
                {
                    "name": "Justin Rainbow",
                    "email": "justin.rainbow@gmail.com"
                },
                {
                    "name": "Igor Wiedler",
                    "email": "igor@wiedler.ch"
                },
                {
                    "name": "Robert Schönthal",
                    "email": "seroscho@googlemail.com"
                }
            ],
            "description": "A library to validate a json schema.",
            "homepage": "https://github.com/justinrainbow/json-schema",
            "keywords": [
                "json",
                "schema"
            ],
            "time": "2015-03-27 16:41:39"
        },
        {
            "name": "seld/jsonlint",
            "version": "1.3.1",
            "source": {
                "type": "git",
                "url": "https://github.com/Seldaek/jsonlint.git",
                "reference": "863ae85c6d3ef60ca49cb12bd051c4a0648c40c4"
            },
            "dist": {
                "type": "zip",
                "url": "https://api.github.com/repos/Seldaek/jsonlint/zipball/863ae85c6d3ef60ca49cb12bd051c4a0648c40c4",
                "reference": "863ae85c6d3ef60ca49cb12bd051c4a0648c40c4",
                "shasum": ""
            },
            "require": {
                "php": ">=5.3.0"
            },
            "bin": [
                "bin/jsonlint"
            ],
            "type": "library",
            "autoload": {
                "psr-4": {
                    "Seld\\JsonLint\\": "src/Seld/JsonLint/"
                }
            },
            "notification-url": "https://packagist.org/downloads/",
            "license": [
                "MIT"
            ],
            "authors": [
                {
                    "name": "Jordi Boggiano",
                    "email": "j.boggiano@seld.be",
                    "homepage": "http://seld.be"
                }
            ],
            "description": "JSON Linter",
            "keywords": [
                "json",
                "linter",
                "parser",
                "validator"
            ],
            "time": "2015-01-04 21:18:15"
        },
        {
            "name": "symfony/console",
            "version": "v2.6.6",
            "target-dir": "Symfony/Component/Console",
            "source": {
                "type": "git",
                "url": "https://github.com/symfony/Console.git",
                "reference": "5b91dc4ed5eb08553f57f6df04c4730a73992667"
            },
            "dist": {
                "type": "zip",
                "url": "https://api.github.com/repos/symfony/Console/zipball/5b91dc4ed5eb08553f57f6df04c4730a73992667",
                "reference": "5b91dc4ed5eb08553f57f6df04c4730a73992667",
                "shasum": ""
            },
            "require": {
                "php": ">=5.3.3"
            },
            "require-dev": {
                "psr/log": "~1.0",
                "symfony/event-dispatcher": "~2.1",
                "symfony/phpunit-bridge": "~2.7",
                "symfony/process": "~2.1"
            },
            "suggest": {
                "psr/log": "For using the console logger",
                "symfony/event-dispatcher": "",
                "symfony/process": ""
            },
            "type": "library",
            "extra": {
                "branch-alias": {
                    "dev-master": "2.6-dev"
                }
            },
            "autoload": {
                "psr-0": {
                    "Symfony\\Component\\Console\\": ""
                }
            },
            "notification-url": "https://packagist.org/downloads/",
            "license": [
                "MIT"
            ],
            "authors": [
                {
                    "name": "Symfony Community",
                    "homepage": "http://symfony.com/contributors"
                },
                {
                    "name": "Fabien Potencier",
                    "email": "fabien@symfony.com"
                }
            ],
            "description": "Symfony Console Component",
            "homepage": "http://symfony.com",
            "time": "2015-03-30 15:54:10"
        },
        {
            "name": "symfony/finder",
            "version": "v2.6.6",
            "target-dir": "Symfony/Component/Finder",
            "source": {
                "type": "git",
                "url": "https://github.com/symfony/Finder.git",
                "reference": "5dbe2e73a580618f5b4880fda93406eed25de251"
            },
            "dist": {
                "type": "zip",
                "url": "https://api.github.com/repos/symfony/Finder/zipball/5dbe2e73a580618f5b4880fda93406eed25de251",
                "reference": "5dbe2e73a580618f5b4880fda93406eed25de251",
                "shasum": ""
            },
            "require": {
                "php": ">=5.3.3"
            },
            "require-dev": {
                "symfony/phpunit-bridge": "~2.7"
            },
            "type": "library",
            "extra": {
                "branch-alias": {
                    "dev-master": "2.6-dev"
                }
            },
            "autoload": {
                "psr-0": {
                    "Symfony\\Component\\Finder\\": ""
                }
            },
            "notification-url": "https://packagist.org/downloads/",
            "license": [
                "MIT"
            ],
            "authors": [
                {
                    "name": "Symfony Community",
                    "homepage": "http://symfony.com/contributors"
                },
                {
                    "name": "Fabien Potencier",
                    "email": "fabien@symfony.com"
                }
            ],
            "description": "Symfony Finder Component",
            "homepage": "http://symfony.com",
            "time": "2015-03-30 15:54:10"
        },
        {
            "name": "symfony/process",
            "version": "v2.6.6",
            "target-dir": "Symfony/Component/Process",
            "source": {
                "type": "git",
                "url": "https://github.com/symfony/Process.git",
                "reference": "a8bebaec1a9dc6cde53e0250e32917579b0be552"
            },
            "dist": {
                "type": "zip",
                "url": "https://api.github.com/repos/symfony/Process/zipball/a8bebaec1a9dc6cde53e0250e32917579b0be552",
                "reference": "a8bebaec1a9dc6cde53e0250e32917579b0be552",
                "shasum": ""
            },
            "require": {
                "php": ">=5.3.3"
            },
            "require-dev": {
                "symfony/phpunit-bridge": "~2.7"
            },
            "type": "library",
            "extra": {
                "branch-alias": {
                    "dev-master": "2.6-dev"
                }
            },
            "autoload": {
                "psr-0": {
                    "Symfony\\Component\\Process\\": ""
                }
            },
            "notification-url": "https://packagist.org/downloads/",
            "license": [
                "MIT"
            ],
            "authors": [
                {
                    "name": "Symfony Community",
                    "homepage": "http://symfony.com/contributors"
                },
                {
                    "name": "Fabien Potencier",
                    "email": "fabien@symfony.com"
                }
            ],
            "description": "Symfony Process Component",
            "homepage": "http://symfony.com",
            "time": "2015-03-30 15:54:10"
        }
    ],
    "packages-dev": [],
    "aliases": [],
    "minimum-stability": "stable",
    "stability-flags": {
        "composer/composer": 15
    },
    "prefer-stable": false,
    "platform": {
        "php": ">=5.4"
    },
    "platform-dev": []
}
